
Microsoft Visual Studio Solution File, Format Version 12.00
# Visual Studio 15
VisualStudioVersion = 15.0.27703.2042
MinimumVisualStudioVersion = 10.0.40219.1
Project("{FAE04EC0-301F-11D3-BF4B-00C04F79EFBC}") = "JiraTimeLogging", "JiraTimeLogging\JiraTimeLogging.csproj", "{C0B1E66C-52F4-4B36-8553-96E2F77F3DC7}"
EndProject
Global
	GlobalSection(SolutionConfigurationPlatforms) = preSolution
		Debug|Any CPU = Debug|Any CPU
		Release|Any CPU = Release|Any CPU
	EndGlobalSection
	GlobalSection(ProjectConfigurationPlatforms) = postSolution
		{C0B1E66C-52F4-4B36-8553-96E2F77F3DC7}.Debug|Any CPU.ActiveCfg = Debug|Any CPU
		{C0B1E66C-52F4-4B36-8553-96E2F77F3DC7}.Debug|Any CPU.Build.0 = Debug|Any CPU
		{C0B1E66C-52F4-4B36-8553-96E2F77F3DC7}.Release|Any CPU.ActiveCfg = Release|Any CPU
		{C0B1E66C-52F4-4B36-8553-96E2F77F3DC7}.Release|Any CPU.Build.0 = Release|Any CPU
	EndGlobalSection
	GlobalSection(SolutionProperties) = preSolution
		HideSolutionNode = FALSE
	EndGlobalSection
	GlobalSection(ExtensibilityGlobals) = postSolution
		SolutionGuid = {673AEE4D-4BF8-4627-998C-836C72485D63}
	EndGlobalSection
EndGlobal
